<?xml version="1.0" encoding="UTF-8" standalone="yes" ?>
<CodeBlocks_project_file>
	<FileVersion major="1" minor="6" />
	<Project>
		<Option title="ast-api" />
		<Option pch_mode="2" />
		<Option compiler="gcc" />
		<Build>
			<Target title="Debug">
				<Option output="bin/Debug/ast-api" prefix_auto="1" extension_auto="1" />
				<Option object_output="obj/Debug/" />
				<Option type="3" />
				<Option compiler="gcc" />
				<Option createDefFile="1" />
				<Option createStaticLib="1" />
				<Compiler>
					<Add option="-Wall" />
					<Add option="-g" />
					<Add option="-DBUILD_DLL" />
					<Add directory="../src/inc" />
					<Add directory="../inc" />
				</Compiler>
				<Linker>
					<Add library="user32" />
				</Linker>
			</Target>
			<Target title="Release">
				<Option output="bin/Release/ast-api" prefix_auto="1" extension_auto="1" />
				<Option object_output="obj/Release/" />
				<Option type="3" />
				<Option compiler="gcc" />
				<Option createDefFile="1" />
				<Option createStaticLib="1" />
				<Compiler>
					<Add option="-Wall" />
					<Add option="-DBUILD_DLL" />
					<Add option="-O2" />
				</Compiler>
				<Linker>
					<Add option="-s" />
					<Add library="user32" />
				</Linker>
			</Target>
		</Build>
		<Unit filename="version.h">
			<Option target="Release" />
		</Unit>
		<Unit filename="../inc/astapi.h" />
		<Unit filename="../src/astconf.h" />
		<Unit filename="../src/astcore.c">
			<Option compilerVar="CC" />
		</Unit>
		<Unit filename="../src/astman/action.c">
			<Option compilerVar="CC" />
		</Unit>
		<Unit filename="../src/astman/astman.c">
			<Option compilerVar="CC" />
		</Unit>
		<Unit filename="../src/commands/action.c">
			<Option compilerVar="CC" />
		</Unit>
		<Unit filename="../src/commands/connection.c">
			<Option compilerVar="CC" />
		</Unit>
		<Unit filename="../src/commands/event.c">
			<Option compilerVar="CC" />
		</Unit>
		<Unit filename="../src/commands/response.c">
			<Option compilerVar="CC" />
		</Unit>
		<Unit filename="../src/inc/action.h" />
		<Unit filename="../src/inc/astcore.h" />
		<Unit filename="../src/inc/astlog.h" />
		<Unit filename="../src/inc/astman.h" />
		<Unit filename="../src/inc/common.h" />
		<Unit filename="../src/inc/parser.h" />
		<Unit filename="../src/inc/sipconf.h" />
		<Unit filename="../src/sip/sipconf.c">
			<Option compilerVar="CC" />
		</Unit>
		<Extensions>
			<AutoVersioning>
				<Scheme minor_max="10" build_max="0" rev_max="0" rev_rand_max="10" build_times_to_increment_minor="100" />
				<Settings autoincrement="1" date_declarations="1" do_auto_increment="0" ask_to_increment="0" language="C" svn="0" svn_directory="D:\Travail\ast-api\.svn" header_path="version.h" />
				<Changes_Log show_changes_editor="1" app_title="released version %M.%m.%b of %p" changeslog_path="ChangesLog.txt" />
			</AutoVersioning>
			<code_completion />
			<envvars />
			<debugger />
			<lib_finder disable_auto="1" />
		</Extensions>
	</Project>
</CodeBlocks_project_file>
