<?xml version="1.0" encoding="UTF-8" standalone="yes" ?>
<CodeBlocks_project_file>
	<FileVersion major="1" minor="6" />
	<Project>
		<Option title="astapi" />
		<Option pch_mode="2" />
		<Option compiler="gcc" />
		<Build>
			<Target title="Debug">
				<Option output="bin/Debug/libastapi" prefix_auto="1" extension_auto="1" />
				<Option object_output="obj/Debug/" />
				<Option type="3" />
				<Option compiler="gcc" />
				<Option createDefFile="1" />
				<Option createStaticLib="1" />
				<Compiler>
					<Add option="-W" />
					<Add option="-Wall" />
					<Add option="-g" />
					<Add directory="include" />
					<Add directory="astapi" />
				</Compiler>
			</Target>
			<Target title="Release">
				<Option output="bin/Release/libastapi" prefix_auto="1" extension_auto="1" />
				<Option object_output="obj/Release/" />
				<Option type="3" />
				<Option compiler="gcc" />
				<Option createDefFile="1" />
				<Option createStaticLib="1" />
				<Compiler>
					<Add option="-O2" />
				</Compiler>
				<Linker>
					<Add option="-s" />
				</Linker>
			</Target>
		</Build>
		<Compiler>
			<Add option="-Wall" />
		</Compiler>
		<Unit filename="astapi/astapi.h" />
		<Unit filename="astman/action.c">
			<Option compilerVar="CC" />
		</Unit>
		<Unit filename="astman/astevent.c">
			<Option compilerVar="CC" />
		</Unit>
		<Unit filename="astman/astman.c">
			<Option compilerVar="CC" />
		</Unit>
		<Unit filename="astman/update.c">
			<Option compilerVar="CC" />
		</Unit>
		<Unit filename="include/action.h" />
		<Unit filename="include/astevent.h" />
		<Unit filename="include/astlog.h" />
		<Unit filename="include/astman.h" />
		<Unit filename="include/category.h" />
		<Unit filename="include/config.h" />
		<Unit filename="include/connection.h" />
		<Unit filename="include/general.h" />
		<Unit filename="include/peer.h" />
		<Unit filename="include/registry.h" />
		<Unit filename="include/update.h" />
		<Unit filename="include/user.h" />
		<Unit filename="object/category.c">
			<Option compilerVar="CC" />
		</Unit>
		<Unit filename="object/config.c">
			<Option compilerVar="CC" />
		</Unit>
		<Unit filename="object/connection.c">
			<Option compilerVar="CC" />
		</Unit>
		<Unit filename="object/general.c">
			<Option compilerVar="CC" />
		</Unit>
		<Unit filename="object/peer.c">
			<Option compilerVar="CC" />
		</Unit>
		<Unit filename="object/registry.c">
			<Option compilerVar="CC" />
		</Unit>
		<Unit filename="object/trunk.c">
			<Option compilerVar="CC" />
		</Unit>
		<Unit filename="object/user.c">
			<Option compilerVar="CC" />
		</Unit>
		<Extensions>
			<envvars />
			<code_completion />
			<debugger />
			<lib_finder disable_auto="1" />
		</Extensions>
	</Project>
</CodeBlocks_project_file>
